
Microsoft Visual Studio Solution File, Format Version 12.00
# Visual Studio Version 17
VisualStudioVersion = 17.5.33502.453
MinimumVisualStudioVersion = 10.0.40219.1
Project("{FAE04EC0-301F-11D3-BF4B-00C04F79EFBC}") = "OdeToFood.Web", "OdeToFood.Web\OdeToFood.Web.csproj", "{6174F440-F1C7-4ECA-8E6D-6610F0FEE9AD}"
EndProject
Project("{FAE04EC0-301F-11D3-BF4B-00C04F79EFBC}") = "OdeToFood.Data", "OdeToFood.Data\OdeToFood.Data.csproj", "{DC976A54-1E7C-48E8-937A-0CDE3F02A507}"
EndProject
Global
	GlobalSection(SolutionConfigurationPlatforms) = preSolution
		Debug|Any CPU = Debug|Any CPU
		Release|Any CPU = Release|Any CPU
	EndGlobalSection
	GlobalSection(ProjectConfigurationPlatforms) = postSolution
		{6174F440-F1C7-4ECA-8E6D-6610F0FEE9AD}.Debug|Any CPU.ActiveCfg = Debug|Any CPU
		{6174F440-F1C7-4ECA-8E6D-6610F0FEE9AD}.Debug|Any CPU.Build.0 = Debug|Any CPU
		{6174F440-F1C7-4ECA-8E6D-6610F0FEE9AD}.Release|Any CPU.ActiveCfg = Release|Any CPU
		{6174F440-F1C7-4ECA-8E6D-6610F0FEE9AD}.Release|Any CPU.Build.0 = Release|Any CPU
		{DC976A54-1E7C-48E8-937A-0CDE3F02A507}.Debug|Any CPU.ActiveCfg = Debug|Any CPU
		{DC976A54-1E7C-48E8-937A-0CDE3F02A507}.Debug|Any CPU.Build.0 = Debug|Any CPU
		{DC976A54-1E7C-48E8-937A-0CDE3F02A507}.Release|Any CPU.ActiveCfg = Release|Any CPU
		{DC976A54-1E7C-48E8-937A-0CDE3F02A507}.Release|Any CPU.Build.0 = Release|Any CPU
	EndGlobalSection
	GlobalSection(SolutionProperties) = preSolution
		HideSolutionNode = FALSE
	EndGlobalSection
	GlobalSection(ExtensibilityGlobals) = postSolution
		SolutionGuid = {B308FB22-AF4A-48DE-8A8F-FA65459E0E52}
	EndGlobalSection
EndGlobal
